// !$*UTF8*$!
{
	archiveVersion = 1;
	classes = {
	};
	objectVersion = 52;
	objects = {

/* Begin PBXBuildFile section */
		D3531571266F972F00A656EE /* AppDelegate.swift in Sources */ = {isa = PBXBuildFile; fileRef = D353156F266F96BB00A656EE /* AppDelegate.swift */; };
		D3531573266F975900A656EE /* Assets.xcassets in Resources */ = {isa = PBXBuildFile; fileRef = D353156A266F96BB00A656EE /* Assets.xcassets */; };
		D3531574266F976400A656EE /* LaunchScreen.storyboard in Resources */ = {isa = PBXBuildFile; fileRef = D353156B266F96BB00A656EE /* LaunchScreen.storyboard */; };
		D3531575266F976700A656EE /* Main.storyboard in Resources */ = {isa = PBXBuildFile; fileRef = D353156D266F96BB00A656EE /* Main.storyboard */; };
		D3531578266FB55600A656EE /* Graphics in Frameworks */ = {isa = PBXBuildFile; productRef = D3531577266FB55600A656EE /* Graphics */; };
		D35841C2267900D400E6A01D /* NeumorphicButtonsViewController.swift in Sources */ = {isa = PBXBuildFile; fileRef = D35841C1267900D400E6A01D /* NeumorphicButtonsViewController.swift */; };
		D35841C62679021000E6A01D /* UIColor+.swift in Sources */ = {isa = PBXBuildFile; fileRef = D35841C52679021000E6A01D /* UIColor+.swift */; };
/* End PBXBuildFile section */

/* Begin PBXFileReference section */
		D312262D246B025500FD2B69 /* Graphics-Demo.app */ = {isa = PBXFileReference; explicitFileType = wrapper.application; includeInIndex = 0; path = "Graphics-Demo.app"; sourceTree = BUILT_PRODUCTS_DIR; };
		D353156A266F96BB00A656EE /* Assets.xcassets */ = {isa = PBXFileReference; lastKnownFileType = folder.assetcatalog; path = Assets.xcassets; sourceTree = "<group>"; };
		D353156C266F96BB00A656EE /* Base */ = {isa = PBXFileReference; lastKnownFileType = file.storyboard; name = Base; path = Base.lproj/LaunchScreen.storyboard; sourceTree = "<group>"; };
		D353156E266F96BB00A656EE /* Base */ = {isa = PBXFileReference; lastKnownFileType = file.storyboard; name = Base; path = Base.lproj/Main.storyboard; sourceTree = "<group>"; };
		D353156F266F96BB00A656EE /* AppDelegate.swift */ = {isa = PBXFileReference; lastKnownFileType = sourcecode.swift; path = AppDelegate.swift; sourceTree = "<group>"; };
		D3531570266F96BB00A656EE /* Info.plist */ = {isa = PBXFileReference; lastKnownFileType = text.plist.xml; path = Info.plist; sourceTree = "<group>"; };
		D35841C1267900D400E6A01D /* NeumorphicButtonsViewController.swift */ = {isa = PBXFileReference; lastKnownFileType = sourcecode.swift; path = NeumorphicButtonsViewController.swift; sourceTree = "<group>"; };
		D35841C52679021000E6A01D /* UIColor+.swift */ = {isa = PBXFileReference; lastKnownFileType = sourcecode.swift; path = "UIColor+.swift"; sourceTree = "<group>"; };
		D3CA5F99246B4984000217ED /* Graphics */ = {isa = PBXFileReference; lastKnownFileType = folder; name = Graphics; path = ..; sourceTree = "<group>"; };
/* End PBXFileReference section */

/* Begin PBXFrameworksBuildPhase section */
		D312262A246B025500FD2B69 /* Frameworks */ = {
			isa = PBXFrameworksBuildPhase;
			buildActionMask = 2147483647;
			files = (
				D3531578266FB55600A656EE /* Graphics in Frameworks */,
			);
			runOnlyForDeploymentPostprocessing = 0;
		};
/* End PBXFrameworksBuildPhase section */

/* Begin PBXGroup section */
		D3122624246B025500FD2B69 = {
			isa = PBXGroup;
			children = (
				D3CA5F99246B4984000217ED /* Graphics */,
				D3531568266F96BB00A656EE /* Graphics-Demo */,
				D312262E246B025500FD2B69 /* Products */,
				D3531576266FB55600A656EE /* Frameworks */,
			);
			sourceTree = "<group>";
		};
		D312262E246B025500FD2B69 /* Products */ = {
			isa = PBXGroup;
			children = (
				D312262D246B025500FD2B69 /* Graphics-Demo.app */,
			);
			name = Products;
			sourceTree = "<group>";
		};
		D3531568266F96BB00A656EE /* Graphics-Demo */ = {
			isa = PBXGroup;
			children = (
				D353156A266F96BB00A656EE /* Assets.xcassets */,
				D353156B266F96BB00A656EE /* LaunchScreen.storyboard */,
				D353156D266F96BB00A656EE /* Main.storyboard */,
				D353156F266F96BB00A656EE /* AppDelegate.swift */,
				D35841C42679020700E6A01D /* Extensions */,
				D35841C3267900D700E6A01D /* Neumorphism */,
				D3531570266F96BB00A656EE /* Info.plist */,
			);
			path = "Graphics-Demo";
			sourceTree = "<group>";
		};
		D3531576266FB55600A656EE /* Frameworks */ = {
			isa = PBXGroup;
			children = (
			);
			name = Frameworks;
			sourceTree = "<group>";
		};
		D35841C3267900D700E6A01D /* Neumorphism */ = {
			isa = PBXGroup;
			children = (
				D35841C1267900D400E6A01D /* NeumorphicButtonsViewController.swift */,
			);
			path = Neumorphism;
			sourceTree = "<group>";
		};
		D35841C42679020700E6A01D /* Extensions */ = {
			isa = PBXGroup;
			children = (
				D35841C52679021000E6A01D /* UIColor+.swift */,
			);
			path = Extensions;
			sourceTree = "<group>";
		};
/* End PBXGroup section */

/* Begin PBXNativeTarget section */
		D312262C246B025500FD2B69 /* Graphics-Demo */ = {
			isa = PBXNativeTarget;
			buildConfigurationList = D3122641246B025500FD2B69 /* Build configuration list for PBXNativeTarget "Graphics-Demo" */;
			buildPhases = (
				D3122629246B025500FD2B69 /* Sources */,
				D312262A246B025500FD2B69 /* Frameworks */,
				D312262B246B025500FD2B69 /* Resources */,
				D32A8399246B08A000118BE7 /* SwiftLint */,
			);
			buildRules = (
			);
			dependencies = (
			);
			name = "Graphics-Demo";
			packageProductDependencies = (
				D3531577266FB55600A656EE /* Graphics */,
			);
			productName = "Graphics-Demo";
			productReference = D312262D246B025500FD2B69 /* Graphics-Demo.app */;
			productType = "com.apple.product-type.application";
		};
/* End PBXNativeTarget section */

/* Begin PBXProject section */
		D3122625246B025500FD2B69 /* Project object */ = {
			isa = PBXProject;
			attributes = {
				LastSwiftUpdateCheck = 1140;
				LastUpgradeCheck = 1250;
				ORGANIZATIONNAME = "Alberto Saltarelli";
				TargetAttributes = {
					D312262C246B025500FD2B69 = {
						CreatedOnToolsVersion = 11.4.1;
					};
				};
			};
			buildConfigurationList = D3122628246B025500FD2B69 /* Build configuration list for PBXProject "Graphics-Demo" */;
			compatibilityVersion = "Xcode 9.3";
			developmentRegion = en;
			hasScannedForEncodings = 0;
			knownRegions = (
				en,
				Base,
			);
			mainGroup = D3122624246B025500FD2B69;
			productRefGroup = D312262E246B025500FD2B69 /* Products */;
			projectDirPath = "";
			projectRoot = "";
			targets = (
				D312262C246B025500FD2B69 /* Graphics-Demo */,
			);
		};
/* End PBXProject section */

/* Begin PBXResourcesBuildPhase section */
		D312262B246B025500FD2B69 /* Resources */ = {
			isa = PBXResourcesBuildPhase;
			buildActionMask = 2147483647;
			files = (
				D3531575266F976700A656EE /* Main.storyboard in Resources */,
				D3531573266F975900A656EE /* Assets.xcassets in Resources */,
				D3531574266F976400A656EE /* LaunchScreen.storyboard in Resources */,
			);
			runOnlyForDeploymentPostprocessing = 0;
		};
/* End PBXResourcesBuildPhase section */

/* Begin PBXShellScriptBuildPhase section */
		D32A8399246B08A000118BE7 /* SwiftLint */ = {
			isa = PBXShellScriptBuildPhase;
			buildActionMask = 2147483647;
			files = (
			);
			inputFileListPaths = (
			);
			inputPaths = (
			);
			name = SwiftLint;
			outputFileListPaths = (
			);
			outputPaths = (
			);
			runOnlyForDeploymentPostprocessing = 0;
			shellPath = /bin/sh;
			shellScript = "if which swiftlint >/dev/null; then\n  swiftlint\nelse\n  echo \"warning: SwiftLint not installed, download from https://github.com/realm/SwiftLint\"\nfi\n";
		};
/* End PBXShellScriptBuildPhase section */

/* Begin PBXSourcesBuildPhase section */
		D3122629246B025500FD2B69 /* Sources */ = {
			isa = PBXSourcesBuildPhase;
			buildActionMask = 2147483647;
			files = (
				D35841C2267900D400E6A01D /* NeumorphicButtonsViewController.swift in Sources */,
				D3531571266F972F00A656EE /* AppDelegate.swift in Sources */,
				D35841C62679021000E6A01D /* UIColor+.swift in Sources */,
			);
			runOnlyForDeploymentPostprocessing = 0;
		};
/* End PBXSourcesBuildPhase section */

/* Begin PBXVariantGroup section */
		D353156B266F96BB00A656EE /* LaunchScreen.storyboard */ = {
			isa = PBXVariantGroup;
			children = (
				D353156C266F96BB00A656EE /* Base */,
			);
			name = LaunchScreen.storyboard;
			sourceTree = "<group>";
		};
		D353156D266F96BB00A656EE /* Main.storyboard */ = {
			isa = PBXVariantGroup;
			children = (
				D353156E266F96BB00A656EE /* Base */,
			);
			name = Main.storyboard;
			sourceTree = "<group>";
		};
/* End PBXVariantGroup section */

/* Begin XCBuildConfiguration section */
		D312263F246B025500FD2B69 /* Debug */ = {
			isa = XCBuildConfiguration;
			buildSettings = {
				ALWAYS_SEARCH_USER_PATHS = NO;
				CLANG_ANALYZER_NONNULL = YES;
				CLANG_ANALYZER_NUMBER_OBJECT_CONVERSION = YES_AGGRESSIVE;
				CLANG_CXX_LANGUAGE_STANDARD = "gnu++14";
				CLANG_CXX_LIBRARY = "libc++";
				CLANG_ENABLE_MODULES = YES;
				CLANG_ENABLE_OBJC_ARC = YES;
				CLANG_ENABLE_OBJC_WEAK = YES;
				CLANG_WARN_BLOCK_CAPTURE_AUTORELEASING = YES;
				CLANG_WARN_BOOL_CONVERSION = YES;
				CLANG_WARN_COMMA = YES;
				CLANG_WARN_CONSTANT_CONVERSION = YES;
				CLANG_WARN_DEPRECATED_OBJC_IMPLEMENTATIONS = YES;
				CLANG_WARN_DIRECT_OBJC_ISA_USAGE = YES_ERROR;
				CLANG_WARN_DOCUMENTATION_COMMENTS = YES;
				CLANG_WARN_EMPTY_BODY = YES;
				CLANG_WARN_ENUM_CONVERSION = YES;
				CLANG_WARN_INFINITE_RECURSION = YES;
				CLANG_WARN_INT_CONVERSION = YES;
				CLANG_WARN_NON_LITERAL_NULL_CONVERSION = YES;
				CLANG_WARN_OBJC_IMPLICIT_RETAIN_SELF = YES;
				CLANG_WARN_OBJC_LITERAL_CONVERSION = YES;
				CLANG_WARN_OBJC_ROOT_CLASS = YES_ERROR;
				CLANG_WARN_QUOTED_INCLUDE_IN_FRAMEWORK_HEADER = YES;
				CLANG_WARN_RANGE_LOOP_ANALYSIS = YES;
				CLANG_WARN_STRICT_PROTOTYPES = YES;
				CLANG_WARN_SUSPICIOUS_MOVE = YES;
				CLANG_WARN_UNGUARDED_AVAILABILITY = YES_AGGRESSIVE;
				CLANG_WARN_UNREACHABLE_CODE = YES;
				CLANG_WARN__DUPLICATE_METHOD_MATCH = YES;
				COPY_PHASE_STRIP = NO;
				DEBUG_INFORMATION_FORMAT = dwarf;
				ENABLE_STRICT_OBJC_MSGSEND = YES;
				ENABLE_TESTABILITY = YES;
				GCC_C_LANGUAGE_STANDARD = gnu11;
				GCC_DYNAMIC_NO_PIC = NO;
				GCC_NO_COMMON_BLOCKS = YES;
				GCC_OPTIMIZATION_LEVEL = 0;
				GCC_PREPROCESSOR_DEFINITIONS = (
					"DEBUG=1",
					"$(inherited)",
				);
				GCC_WARN_64_TO_32_BIT_CONVERSION = YES;
				GCC_WARN_ABOUT_RETURN_TYPE = YES_ERROR;
				GCC_WARN_UNDECLARED_SELECTOR = YES;
				GCC_WARN_UNINITIALIZED_AUTOS = YES_AGGRESSIVE;
				GCC_WARN_UNUSED_FUNCTION = YES;
				GCC_WARN_UNUSED_VARIABLE = YES;
				IPHONEOS_DEPLOYMENT_TARGET = 14.4;
				MTL_ENABLE_DEBUG_INFO = INCLUDE_SOURCE;
				MTL_FAST_MATH = YES;
				ONLY_ACTIVE_ARCH = YES;
				SDKROOT = iphoneos;
				SWIFT_ACTIVE_COMPILATION_CONDITIONS = DEBUG;
				SWIFT_OPTIMIZATION_LEVEL = "-Onone";
			};
			name = Debug;
		};
		D3122640246B025500FD2B69 /* Release */ = {
			isa = XCBuildConfiguration;
			buildSettings = {
				ALWAYS_SEARCH_USER_PATHS = NO;
				CLANG_ANALYZER_NONNULL = YES;
				CLANG_ANALYZER_NUMBER_OBJECT_CONVERSION = YES_AGGRESSIVE;
				CLANG_CXX_LANGUAGE_STANDARD = "gnu++14";
				CLANG_CXX_LIBRARY = "libc++";
				CLANG_ENABLE_MODULES = YES;
				CLANG_ENABLE_OBJC_ARC = YES;
				CLANG_ENABLE_OBJC_WEAK = YES;
				CLANG_WARN_BLOCK_CAPTURE_AUTORELEASING = YES;
				CLANG_WARN_BOOL_CONVERSION = YES;
				CLANG_WARN_COMMA = YES;
				CLANG_WARN_CONSTANT_CONVERSION = YES;
				CLANG_WARN_DEPRECATED_OBJC_IMPLEMENTATIONS = YES;
				CLANG_WARN_DIRECT_OBJC_ISA_USAGE = YES_ERROR;
				CLANG_WARN_DOCUMENTATION_COMMENTS = YES;
				CLANG_WARN_EMPTY_BODY = YES;
				CLANG_WARN_ENUM_CONVERSION = YES;
				CLANG_WARN_INFINITE_RECURSION = YES;
				CLANG_WARN_INT_CONVERSION = YES;
				CLANG_WARN_NON_LITERAL_NULL_CONVERSION = YES;
				CLANG_WARN_OBJC_IMPLICIT_RETAIN_SELF = YES;
				CLANG_WARN_OBJC_LITERAL_CONVERSION = YES;
				CLANG_WARN_OBJC_ROOT_CLASS = YES_ERROR;
				CLANG_WARN_QUOTED_INCLUDE_IN_FRAMEWORK_HEADER = YES;
				CLANG_WARN_RANGE_LOOP_ANALYSIS = YES;
				CLANG_WARN_STRICT_PROTOTYPES = YES;
				CLANG_WARN_SUSPICIOUS_MOVE = YES;
				CLANG_WARN_UNGUARDED_AVAILABILITY = YES_AGGRESSIVE;
				CLANG_WARN_UNREACHABLE_CODE = YES;
				CLANG_WARN__DUPLICATE_METHOD_MATCH = YES;
				COPY_PHASE_STRIP = NO;
				DEBUG_INFORMATION_FORMAT = "dwarf-with-dsym";
				ENABLE_NS_ASSERTIONS = NO;
				ENABLE_STRICT_OBJC_MSGSEND = YES;
				GCC_C_LANGUAGE_STANDARD = gnu11;
				GCC_NO_COMMON_BLOCKS = YES;
				GCC_WARN_64_TO_32_BIT_CONVERSION = YES;
				GCC_WARN_ABOUT_RETURN_TYPE = YES_ERROR;
				GCC_WARN_UNDECLARED_SELECTOR = YES;
				GCC_WARN_UNINITIALIZED_AUTOS = YES_AGGRESSIVE;
				GCC_WARN_UNUSED_FUNCTION = YES;
				GCC_WARN_UNUSED_VARIABLE = YES;
				IPHONEOS_DEPLOYMENT_TARGET = 14.4;
				MTL_ENABLE_DEBUG_INFO = NO;
				MTL_FAST_MATH = YES;
				SDKROOT = iphoneos;
				SWIFT_COMPILATION_MODE = wholemodule;
				SWIFT_OPTIMIZATION_LEVEL = "-O";
				VALIDATE_PRODUCT = YES;
			};
			name = Release;
		};
		D3122642246B025500FD2B69 /* Debug */ = {
			isa = XCBuildConfiguration;
			buildSettings = {
				ASSETCATALOG_COMPILER_APPICON_NAME = AppIcon;
				CODE_SIGN_STYLE = Automatic;
				INFOPLIST_FILE = "$(SRCROOT)/Graphics-Demo/Info.plist";
				IPHONEOS_DEPLOYMENT_TARGET = 14.5;
				LD_RUNPATH_SEARCH_PATHS = (
					"$(inherited)",
					"@executable_path/Frameworks",
				);
				PRODUCT_BUNDLE_IDENTIFIER = "com.github.alberto093.Graphics-Demo";
				PRODUCT_NAME = "Graphics-Demo";
				SWIFT_VERSION = 5.0;
				TARGETED_DEVICE_FAMILY = 2;
			};
			name = Debug;
		};
		D3122643246B025500FD2B69 /* Release */ = {
			isa = XCBuildConfiguration;
			buildSettings = {
				ASSETCATALOG_COMPILER_APPICON_NAME = AppIcon;
				CODE_SIGN_STYLE = Automatic;
				INFOPLIST_FILE = "$(SRCROOT)/Graphics-Demo/Info.plist";
				IPHONEOS_DEPLOYMENT_TARGET = 14.5;
				LD_RUNPATH_SEARCH_PATHS = (
					"$(inherited)",
					"@executable_path/Frameworks",
				);
				PRODUCT_BUNDLE_IDENTIFIER = "com.github.alberto093.Graphics-Demo";
				PRODUCT_NAME = "Graphics-Demo";
				SWIFT_VERSION = 5.0;
				TARGETED_DEVICE_FAMILY = 2;
			};
			name = Release;
		};
/* End XCBuildConfiguration section */

/* Begin XCConfigurationList section */
		D3122628246B025500FD2B69 /* Build configuration list for PBXProject "Graphics-Demo" */ = {
			isa = XCConfigurationList;
			buildConfigurations = (
				D312263F246B025500FD2B69 /* Debug */,
				D3122640246B025500FD2B69 /* Release */,
			);
			defaultConfigurationIsVisible = 0;
			defaultConfigurationName = Release;
		};
		D3122641246B025500FD2B69 /* Build configuration list for PBXNativeTarget "Graphics-Demo" */ = {
			isa = XCConfigurationList;
			buildConfigurations = (
				D3122642246B025500FD2B69 /* Debug */,
				D3122643246B025500FD2B69 /* Release */,
			);
			defaultConfigurationIsVisible = 0;
			defaultConfigurationName = Release;
		};
/* End XCConfigurationList section */

/* Begin XCSwiftPackageProductDependency section */
		D3531577266FB55600A656EE /* Graphics */ = {
			isa = XCSwiftPackageProductDependency;
			productName = Graphics;
		};
/* End XCSwiftPackageProductDependency section */
	};
	rootObject = D3122625246B025500FD2B69 /* Project object */;
}
